{
  "version": 4,
  "terraform_version": "1.5.7",
  "serial": 184,
  "lineage": "b1476917-f618-7b94-9438-23051cee80fd",
  "outputs": {
    "floating_ip": {
      "value": "10.32.7.105",
      "type": "string"
    }
  },
  "resources": [
    {
      "module": "module.rke2",
      "mode": "data",
      "type": "openstack_networking_network_v2",
      "name": "floating_net",
      "provider": "provider[\"registry.terraform.io/terraform-provider-openstack/openstack\"]",
      "instances": [
        {
          "schema_version": 0,
          "attributes": {
            "admin_state_up": "true",
            "all_tags": [],
            "availability_zone_hints": [],
            "description": "",
            "dns_domain": "",
            "external": true,
            "id": "0af64822-662d-4192-85a7-ac30d673f923",
            "matching_subnet_cidr": null,
            "mtu": 1500,
            "name": "ext_net",
            "network_id": null,
            "region": "RegionOne",
            "segments": [],
            "shared": "true",
            "status": null,
            "subnets": [
              "484e8702-268c-4a63-a614-6de648f58b13"
            ],
            "tags": null,
            "tenant_id": "df704abae785449da957552ed8100d43",
            "transparent_vlan": false
          },
          "sensitive_attributes": []
        }
      ]
    },
    {
      "module": "module.rke2",
      "mode": "managed",
      "type": "null_resource",
      "name": "write_kubeconfig",
      "provider": "provider[\"registry.terraform.io/hashicorp/null\"]",
      "instances": [
        {
          "index_key": 0,
          "status": "tainted",
          "schema_version": 0,
          "attributes": {
            "id": "289299882398561083",
            "triggers": {
              "servers": "00d6b517-c010-43a6-8f82-30f80917424f"
            }
          },
          "sensitive_attributes": [],
          "dependencies": [
            "module.rke2.data.openstack_networking_network_v2.floating_net",
            "module.rke2.module.servers.data.openstack_images_image_v2.image",
            "module.rke2.module.servers.null_resource.agent_remove",
            "module.rke2.module.servers.null_resource.wait_for_rke2",
            "module.rke2.module.servers.openstack_blockstorage_volume_v3.volume",
            "module.rke2.module.servers.openstack_compute_instance_v2.instance",
            "module.rke2.module.servers.openstack_networking_port_v2.port",
            "module.rke2.openstack_compute_keypair_v2.key",
            "module.rke2.openstack_compute_servergroup_v2.servers",
            "module.rke2.openstack_identity_application_credential_v3.rke2",
            "module.rke2.openstack_identity_ec2_credential_v3.s3",
            "module.rke2.openstack_networking_floatingip_v2.floating_ip",
            "module.rke2.openstack_networking_network_v2.net",
            "module.rke2.openstack_networking_secgroup_v2.server",
            "module.rke2.openstack_networking_subnet_v2.lb",
            "module.rke2.openstack_networking_subnet_v2.servers",
            "module.rke2.openstack_objectstorage_container_v1.etcd_snapshots",
            "module.rke2.openstack_objectstorage_container_v1.restic",
            "module.rke2.openstack_objectstorage_container_v1.velero",
            "module.rke2.random_string.rke2_token"
          ]
        }
      ]
    },
    {
      "module": "module.rke2",
      "mode": "managed",
      "type": "openstack_compute_keypair_v2",
      "name": "key",
      "provider": "provider[\"registry.terraform.io/terraform-provider-openstack/openstack\"]",
      "instances": [
        {
          "schema_version": 0,
          "attributes": {
            "fingerprint": "f0:0e:7b:0d:7a:cb:3f:97:c9:bf:b5:c6:b6:14:62:0a",
            "id": "cloudserv7-k8s-key",
            "name": "cloudserv7-k8s-key",
            "private_key": "",
            "public_key": "ssh-rsa AAAAB3NzaC1yc2EAAAADAQABAAABgQCq2gmkPMkNIHpir3bswSTQpPQguCtQP4j/CF9ekEWLs3dp7EWkb0LDBvjjRbfhbBy7QhkUkyp+9VLBIGDKM92Wsd3936P3FkV6Km2K7kWGfRfMlnvWUixfGUANzBJfgDS5eKQOJIxffAE0tKb6UKrjAem8xo6GfQl6rMz4M+g1jt08Eb3SEfXllQ47DJgBzeEskZ96712ln2VKvgvqjbtxOKNQRzHCK4ISdVQj9DivbYA5zY2t6//jyCHSeAg4gIWqePtZBWoBvIZOOz9IKyGT3ne/2sVrkDfxJ5TyJPinZOvFwumcWvtoKZUPGbL85755cXWhCMQ4A8wkuYSeVhVy+7uXe7HkNCT0LAt5SxlpKmWzsY+dZgoL9pxw60WZ9B15kvOzrHSrGVk8SlhbneQRMvvs6yW1dD0fmmXrPvbSnNfjFZjnYw4WJQzTCDt6tOXp3BHWHYi3jWryLFnhhi9NQLYxY0Ay7JXtpWpJncWts8hoCDSBv70bgpgidcoJjU0= lukas@Air-von-Ho.local\n",
            "region": "RegionOne",
            "user_id": "",
            "value_specs": null
          },
          "sensitive_attributes": [],
          "private": "bnVsbA=="
        }
      ]
    },
    {
      "module": "module.rke2",
      "mode": "managed",
      "type": "openstack_compute_servergroup_v2",
      "name": "agents",
      "provider": "provider[\"registry.terraform.io/terraform-provider-openstack/openstack\"]",
      "instances": [
        {
          "schema_version": 0,
          "attributes": {
            "id": "da2bc6ad-2570-46e4-a9ab-a56fa0a889b0",
            "members": [],
            "name": "cloudserv7-k8s-servers",
            "policies": [
              "soft-anti-affinity"
            ],
            "region": "RegionOne",
            "rules": [
              {
                "max_server_per_host": 0
              }
            ],
            "value_specs": null
          },
          "sensitive_attributes": [],
          "private": "bnVsbA=="
        }
      ]
    },
    {
      "module": "module.rke2",
      "mode": "managed",
      "type": "openstack_compute_servergroup_v2",
      "name": "servers",
      "provider": "provider[\"registry.terraform.io/terraform-provider-openstack/openstack\"]",
      "instances": [
        {
          "schema_version": 0,
          "attributes": {
            "id": "fe2e449f-06e2-43f8-a357-c86ba248bb0e",
            "members": [],
            "name": "cloudserv7-k8s-servers",
            "policies": [
              "anti-affinity"
            ],
            "region": "RegionOne",
            "rules": [
              {
                "max_server_per_host": 0
              }
            ],
            "value_specs": null
          },
          "sensitive_attributes": [],
          "private": "bnVsbA=="
        }
      ]
    },
    {
      "module": "module.rke2",
      "mode": "managed",
      "type": "openstack_identity_application_credential_v3",
      "name": "rke2",
      "provider": "provider[\"registry.terraform.io/terraform-provider-openstack/openstack\"]",
      "instances": [
        {
          "schema_version": 0,
          "attributes": {
            "access_rules": [],
            "description": "",
            "expires_at": "",
            "id": "a2cdc47d96c24d90b3b560e88c3ea57a",
            "name": "cloudserv7-k8s-credentials",
            "project_id": "322b93fd973341fead3f2f116e9e0058",
            "region": "RegionOne",
            "roles": [
              "load-balancer_member",
              "member",
              "reader"
            ],
            "secret": "A4nyr8lH8xYRJA_KaZxIN7usgN348u2QZ_OyGGpGQuh6Xhdi5J2z__Pq3RjczltB05qUfUiqsyWjgTcl54-Gxg",
            "unrestricted": false
          },
          "sensitive_attributes": [],
          "private": "bnVsbA=="
        }
      ]
    },
    {
      "module": "module.rke2",
      "mode": "managed",
      "type": "openstack_identity_ec2_credential_v3",
      "name": "s3",
      "provider": "provider[\"registry.terraform.io/terraform-provider-openstack/openstack\"]",
      "instances": [
        {
          "index_key": 0,
          "schema_version": 0,
          "attributes": {
            "access": "855cb2b8c8b7490c915f14bfed2e575f",
            "id": "855cb2b8c8b7490c915f14bfed2e575f",
            "project_id": "322b93fd973341fead3f2f116e9e0058",
            "region": null,
            "secret": "45fa4ca55b4f4dfc9f3341011dffa994",
            "trust_id": "",
            "user_id": "771afba75610405397081df8566a4db8"
          },
          "sensitive_attributes": [],
          "private": "bnVsbA=="
        }
      ]
    },
    {
      "module": "module.rke2",
      "mode": "managed",
      "type": "openstack_networking_floatingip_associate_v2",
      "name": "fip",
      "provider": "provider[\"registry.terraform.io/terraform-provider-openstack/openstack\"]",
      "instances": [
        {
          "schema_version": 0,
          "attributes": {
            "fixed_ip": "192.168.42.4",
            "floating_ip": "10.32.7.105",
            "id": "fb3966e8-af71-44e2-a936-3ca3df46454b",
            "port_id": "06e0f169-0d8b-4f4a-a18e-e39736382f9c",
            "region": "RegionOne"
          },
          "sensitive_attributes": [],
          "private": "bnVsbA==",
          "dependencies": [
            "module.rke2.openstack_networking_floatingip_v2.floating_ip",
            "module.rke2.openstack_networking_network_v2.net",
            "module.rke2.openstack_networking_port_v2.dummy",
            "module.rke2.openstack_networking_secgroup_v2.server",
            "module.rke2.openstack_networking_subnet_v2.servers"
          ]
        }
      ]
    },
    {
      "module": "module.rke2",
      "mode": "managed",
      "type": "openstack_networking_floatingip_v2",
      "name": "floating_ip",
      "provider": "provider[\"registry.terraform.io/terraform-provider-openstack/openstack\"]",
      "instances": [
        {
          "schema_version": 0,
          "attributes": {
            "address": "10.32.7.105",
            "all_tags": [],
            "description": "FIP for cloudserv7-k8s-vip (used)",
            "dns_domain": "",
            "dns_name": "",
            "fixed_ip": "",
            "id": "fb3966e8-af71-44e2-a936-3ca3df46454b",
            "pool": "ext_net",
            "port_id": "",
            "region": "RegionOne",
            "subnet_id": null,
            "subnet_ids": null,
            "tags": null,
            "tenant_id": "322b93fd973341fead3f2f116e9e0058",
            "timeouts": null,
            "value_specs": null
          },
          "sensitive_attributes": [],
          "private": "eyJlMmJmYjczMC1lY2FhLTExZTYtOGY4OC0zNDM2M2JjN2M0YzAiOnsiY3JlYXRlIjo2MDAwMDAwMDAwMDAsImRlbGV0ZSI6NjAwMDAwMDAwMDAwfX0="
        }
      ]
    },
    {
      "module": "module.rke2",
      "mode": "managed",
      "type": "openstack_networking_network_v2",
      "name": "net",
      "provider": "provider[\"registry.terraform.io/terraform-provider-openstack/openstack\"]",
      "instances": [
        {
          "schema_version": 0,
          "attributes": {
            "admin_state_up": true,
            "all_tags": [],
            "availability_zone_hints": [],
            "description": "",
            "dns_domain": "",
            "external": false,
            "id": "9b5e129e-d74b-401f-8caf-446cfffdf51d",
            "mtu": 1442,
            "name": "cloudserv7-k8s-net",
            "port_security_enabled": true,
            "qos_policy_id": "",
            "region": "RegionOne",
            "segments": [],
            "shared": false,
            "tags": [],
            "tenant_id": "322b93fd973341fead3f2f116e9e0058",
            "timeouts": null,
            "transparent_vlan": false,
            "value_specs": null
          },
          "sensitive_attributes": [],
          "private": "eyJlMmJmYjczMC1lY2FhLTExZTYtOGY4OC0zNDM2M2JjN2M0YzAiOnsiY3JlYXRlIjo2MDAwMDAwMDAwMDAsImRlbGV0ZSI6NjAwMDAwMDAwMDAwfX0="
        }
      ]
    },
    {
      "module": "module.rke2",
      "mode": "managed",
      "type": "openstack_networking_port_v2",
      "name": "dummy",
      "provider": "provider[\"registry.terraform.io/terraform-provider-openstack/openstack\"]",
      "instances": [
        {
          "schema_version": 0,
          "attributes": {
            "admin_state_up": false,
            "all_fixed_ips": [
              "192.168.42.4"
            ],
            "all_security_group_ids": [
              "609b49f6-4951-460a-ad2b-4a39dec612da"
            ],
            "all_tags": [],
            "allowed_address_pairs": [],
            "binding": [
              {
                "host_id": "",
                "profile": "",
                "vif_details": {},
                "vif_type": "",
                "vnic_type": "normal"
              }
            ],
            "description": "",
            "device_id": "",
            "device_owner": "",
            "dns_assignment": [],
            "dns_name": "",
            "extra_dhcp_option": [],
            "fixed_ip": [
              {
                "ip_address": "192.168.42.4",
                "subnet_id": "5d62066f-5f66-49e0-8f2c-abb64a911c97"
              }
            ],
            "id": "06e0f169-0d8b-4f4a-a18e-e39736382f9c",
            "mac_address": "fa:16:3e:4b:4b:f6",
            "name": "cloudserv7-k8s-vip",
            "network_id": "9b5e129e-d74b-401f-8caf-446cfffdf51d",
            "no_fixed_ip": null,
            "no_security_groups": null,
            "port_security_enabled": true,
            "qos_policy_id": "",
            "region": "RegionOne",
            "security_group_ids": [
              "609b49f6-4951-460a-ad2b-4a39dec612da"
            ],
            "tags": null,
            "tenant_id": "322b93fd973341fead3f2f116e9e0058",
            "timeouts": null,
            "value_specs": null
          },
          "sensitive_attributes": [],
          "private": "eyJlMmJmYjczMC1lY2FhLTExZTYtOGY4OC0zNDM2M2JjN2M0YzAiOnsiY3JlYXRlIjo2MDAwMDAwMDAwMDAsImRlbGV0ZSI6NjAwMDAwMDAwMDAwfX0=",
          "dependencies": [
            "module.rke2.openstack_networking_network_v2.net",
            "module.rke2.openstack_networking_secgroup_v2.server",
            "module.rke2.openstack_networking_subnet_v2.servers"
          ]
        }
      ]
    },
    {
      "module": "module.rke2",
      "mode": "managed",
      "type": "openstack_networking_router_interface_v2",
      "name": "agents",
      "provider": "provider[\"registry.terraform.io/terraform-provider-openstack/openstack\"]",
      "instances": [
        {
          "schema_version": 0,
          "attributes": {
            "force_destroy": false,
            "id": "e74e984d-5b16-4f11-903b-c4d31225b2b6",
            "port_id": "e74e984d-5b16-4f11-903b-c4d31225b2b6",
            "region": "RegionOne",
            "router_id": "0f522527-eca3-46a3-8d84-301bd9f48ee7",
            "subnet_id": "1bcfe80b-8002-4257-8624-48d2001e0234",
            "timeouts": null
          },
          "sensitive_attributes": [],
          "private": "eyJlMmJmYjczMC1lY2FhLTExZTYtOGY4OC0zNDM2M2JjN2M0YzAiOnsiY3JlYXRlIjo2MDAwMDAwMDAwMDAsImRlbGV0ZSI6NjAwMDAwMDAwMDAwfX0=",
          "dependencies": [
            "module.rke2.data.openstack_networking_network_v2.floating_net",
            "module.rke2.openstack_networking_network_v2.net",
            "module.rke2.openstack_networking_router_v2.router",
            "module.rke2.openstack_networking_subnet_v2.agents"
          ]
        }
      ]
    },
    {
      "module": "module.rke2",
      "mode": "managed",
      "type": "openstack_networking_router_interface_v2",
      "name": "lb",
      "provider": "provider[\"registry.terraform.io/terraform-provider-openstack/openstack\"]",
      "instances": [
        {
          "schema_version": 0,
          "attributes": {
            "force_destroy": false,
            "id": "467653d5-0467-43da-9e16-fcf3d7d879f2",
            "port_id": "467653d5-0467-43da-9e16-fcf3d7d879f2",
            "region": "RegionOne",
            "router_id": "0f522527-eca3-46a3-8d84-301bd9f48ee7",
            "subnet_id": "f81ef006-780f-44c4-8ef7-22e74f6948fb",
            "timeouts": null
          },
          "sensitive_attributes": [],
          "private": "eyJlMmJmYjczMC1lY2FhLTExZTYtOGY4OC0zNDM2M2JjN2M0YzAiOnsiY3JlYXRlIjo2MDAwMDAwMDAwMDAsImRlbGV0ZSI6NjAwMDAwMDAwMDAwfX0=",
          "dependencies": [
            "module.rke2.data.openstack_networking_network_v2.floating_net",
            "module.rke2.openstack_networking_router_v2.router",
            "module.rke2.openstack_networking_subnet_v2.lb"
          ]
        }
      ]
    },
    {
      "module": "module.rke2",
      "mode": "managed",
      "type": "openstack_networking_router_interface_v2",
      "name": "servers",
      "provider": "provider[\"registry.terraform.io/terraform-provider-openstack/openstack\"]",
      "instances": [
        {
          "schema_version": 0,
          "attributes": {
            "force_destroy": false,
            "id": "8dd54b80-34a1-44e7-bc2c-7bcdf887075f",
            "port_id": "8dd54b80-34a1-44e7-bc2c-7bcdf887075f",
            "region": "RegionOne",
            "router_id": "0f522527-eca3-46a3-8d84-301bd9f48ee7",
            "subnet_id": "5d62066f-5f66-49e0-8f2c-abb64a911c97",
            "timeouts": null
          },
          "sensitive_attributes": [],
          "private": "eyJlMmJmYjczMC1lY2FhLTExZTYtOGY4OC0zNDM2M2JjN2M0YzAiOnsiY3JlYXRlIjo2MDAwMDAwMDAwMDAsImRlbGV0ZSI6NjAwMDAwMDAwMDAwfX0=",
          "dependencies": [
            "module.rke2.data.openstack_networking_network_v2.floating_net",
            "module.rke2.openstack_networking_network_v2.net",
            "module.rke2.openstack_networking_router_v2.router",
            "module.rke2.openstack_networking_subnet_v2.servers"
          ]
        }
      ]
    },
    {
      "module": "module.rke2",
      "mode": "managed",
      "type": "openstack_networking_router_v2",
      "name": "router",
      "provider": "provider[\"registry.terraform.io/terraform-provider-openstack/openstack\"]",
      "instances": [
        {
          "schema_version": 0,
          "attributes": {
            "admin_state_up": true,
            "all_tags": [],
            "availability_zone_hints": [],
            "description": "",
            "distributed": false,
            "enable_snat": true,
            "external_fixed_ip": [
              {
                "ip_address": "10.32.6.148",
                "subnet_id": "484e8702-268c-4a63-a614-6de648f58b13"
              }
            ],
            "external_network_id": "0af64822-662d-4192-85a7-ac30d673f923",
            "external_subnet_ids": null,
            "id": "0f522527-eca3-46a3-8d84-301bd9f48ee7",
            "name": "cloudserv7-k8s-router",
            "region": "RegionOne",
            "tags": null,
            "tenant_id": "322b93fd973341fead3f2f116e9e0058",
            "timeouts": null,
            "value_specs": null,
            "vendor_options": []
          },
          "sensitive_attributes": [],
          "private": "eyJlMmJmYjczMC1lY2FhLTExZTYtOGY4OC0zNDM2M2JjN2M0YzAiOnsiY3JlYXRlIjo2MDAwMDAwMDAwMDAsImRlbGV0ZSI6NjAwMDAwMDAwMDAwfX0=",
          "dependencies": [
            "module.rke2.data.openstack_networking_network_v2.floating_net"
          ]
        }
      ]
    },
    {
      "module": "module.rke2",
      "mode": "managed",
      "type": "openstack_networking_secgroup_rule_v2",
      "name": "agent_outside4",
      "provider": "provider[\"registry.terraform.io/terraform-provider-openstack/openstack\"]",
      "instances": [
        {
          "schema_version": 0,
          "attributes": {
            "description": "",
            "direction": "egress",
            "ethertype": "IPv4",
            "id": "f2b11c97-6c79-4e76-8a69-ff58bdb607b0",
            "port_range_max": 0,
            "port_range_min": 0,
            "protocol": "",
            "region": "RegionOne",
            "remote_group_id": "",
            "remote_ip_prefix": "",
            "security_group_id": "4d538474-0ebf-40e9-9550-3737b579942c",
            "tenant_id": "322b93fd973341fead3f2f116e9e0058",
            "timeouts": null
          },
          "sensitive_attributes": [],
          "private": "eyJlMmJmYjczMC1lY2FhLTExZTYtOGY4OC0zNDM2M2JjN2M0YzAiOnsiZGVsZXRlIjo2MDAwMDAwMDAwMDB9fQ==",
          "dependencies": [
            "module.rke2.openstack_networking_secgroup_v2.agent"
          ]
        }
      ]
    },
    {
      "module": "module.rke2",
      "mode": "managed",
      "type": "openstack_networking_secgroup_rule_v2",
      "name": "agent_outside6",
      "provider": "provider[\"registry.terraform.io/terraform-provider-openstack/openstack\"]",
      "instances": [
        {
          "schema_version": 0,
          "attributes": {
            "description": "",
            "direction": "egress",
            "ethertype": "IPv6",
            "id": "b146e8ff-262d-41ba-a1d7-956c36f43e13",
            "port_range_max": 0,
            "port_range_min": 0,
            "protocol": "",
            "region": "RegionOne",
            "remote_group_id": "",
            "remote_ip_prefix": "",
            "security_group_id": "4d538474-0ebf-40e9-9550-3737b579942c",
            "tenant_id": "322b93fd973341fead3f2f116e9e0058",
            "timeouts": null
          },
          "sensitive_attributes": [],
          "private": "eyJlMmJmYjczMC1lY2FhLTExZTYtOGY4OC0zNDM2M2JjN2M0YzAiOnsiZGVsZXRlIjo2MDAwMDAwMDAwMDB9fQ==",
          "dependencies": [
            "module.rke2.openstack_networking_secgroup_v2.agent"
          ]
        }
      ]
    },
    {
      "module": "module.rke2",
      "mode": "managed",
      "type": "openstack_networking_secgroup_rule_v2",
      "name": "default",
      "provider": "provider[\"registry.terraform.io/terraform-provider-openstack/openstack\"]",
      "instances": [
        {
          "index_key": "cloudserv7-k8s-agent-\u003ecloudserv7-k8s-agent-icmp-0",
          "schema_version": 0,
          "attributes": {
            "description": "",
            "direction": "ingress",
            "ethertype": "IPv4",
            "id": "89421c32-09fa-4bc2-9e6c-bcac0f173a67",
            "port_range_max": 0,
            "port_range_min": 0,
            "protocol": "icmp",
            "region": "RegionOne",
            "remote_group_id": "4d538474-0ebf-40e9-9550-3737b579942c",
            "remote_ip_prefix": "",
            "security_group_id": "4d538474-0ebf-40e9-9550-3737b579942c",
            "tenant_id": "322b93fd973341fead3f2f116e9e0058",
            "timeouts": null
          },
          "sensitive_attributes": [],
          "private": "eyJlMmJmYjczMC1lY2FhLTExZTYtOGY4OC0zNDM2M2JjN2M0YzAiOnsiZGVsZXRlIjo2MDAwMDAwMDAwMDB9fQ==",
          "dependencies": [
            "module.rke2.openstack_networking_secgroup_v2.agent",
            "module.rke2.openstack_networking_secgroup_v2.server"
          ]
        },
        {
          "index_key": "cloudserv7-k8s-agent-\u003ecloudserv7-k8s-agent-tcp-10250",
          "schema_version": 0,
          "attributes": {
            "description": "",
            "direction": "ingress",
            "ethertype": "IPv4",
            "id": "528c3c13-5c7a-4291-8356-654a6abbd7fd",
            "port_range_max": 10250,
            "port_range_min": 10250,
            "protocol": "tcp",
            "region": "RegionOne",
            "remote_group_id": "4d538474-0ebf-40e9-9550-3737b579942c",
            "remote_ip_prefix": "",
            "security_group_id": "4d538474-0ebf-40e9-9550-3737b579942c",
            "tenant_id": "322b93fd973341fead3f2f116e9e0058",
            "timeouts": null
          },
          "sensitive_attributes": [],
          "private": "eyJlMmJmYjczMC1lY2FhLTExZTYtOGY4OC0zNDM2M2JjN2M0YzAiOnsiZGVsZXRlIjo2MDAwMDAwMDAwMDB9fQ==",
          "dependencies": [
            "module.rke2.openstack_networking_secgroup_v2.agent",
            "module.rke2.openstack_networking_secgroup_v2.server"
          ]
        },
        {
          "index_key": "cloudserv7-k8s-agent-\u003ecloudserv7-k8s-agent-tcp-4240",
          "schema_version": 0,
          "attributes": {
            "description": "",
            "direction": "ingress",
            "ethertype": "IPv4",
            "id": "76b3e572-31ef-46d3-97b9-7ba4d4537600",
            "port_range_max": 4240,
            "port_range_min": 4240,
            "protocol": "tcp",
            "region": "RegionOne",
            "remote_group_id": "4d538474-0ebf-40e9-9550-3737b579942c",
            "remote_ip_prefix": "",
            "security_group_id": "4d538474-0ebf-40e9-9550-3737b579942c",
            "tenant_id": "322b93fd973341fead3f2f116e9e0058",
            "timeouts": null
          },
          "sensitive_attributes": [],
          "private": "eyJlMmJmYjczMC1lY2FhLTExZTYtOGY4OC0zNDM2M2JjN2M0YzAiOnsiZGVsZXRlIjo2MDAwMDAwMDAwMDB9fQ==",
          "dependencies": [
            "module.rke2.openstack_networking_secgroup_v2.agent",
            "module.rke2.openstack_networking_secgroup_v2.server"
          ]
        },
        {
          "index_key": "cloudserv7-k8s-agent-\u003ecloudserv7-k8s-agent-udp-8472",
          "schema_version": 0,
          "attributes": {
            "description": "",
            "direction": "ingress",
            "ethertype": "IPv4",
            "id": "fe21b320-049c-44ea-8405-509467e2ee4a",
            "port_range_max": 8472,
            "port_range_min": 8472,
            "protocol": "udp",
            "region": "RegionOne",
            "remote_group_id": "4d538474-0ebf-40e9-9550-3737b579942c",
            "remote_ip_prefix": "",
            "security_group_id": "4d538474-0ebf-40e9-9550-3737b579942c",
            "tenant_id": "322b93fd973341fead3f2f116e9e0058",
            "timeouts": null
          },
          "sensitive_attributes": [],
          "private": "eyJlMmJmYjczMC1lY2FhLTExZTYtOGY4OC0zNDM2M2JjN2M0YzAiOnsiZGVsZXRlIjo2MDAwMDAwMDAwMDB9fQ==",
          "dependencies": [
            "module.rke2.openstack_networking_secgroup_v2.agent",
            "module.rke2.openstack_networking_secgroup_v2.server"
          ]
        },
        {
          "index_key": "cloudserv7-k8s-agent-\u003ecloudserv7-k8s-server-icmp-0",
          "schema_version": 0,
          "attributes": {
            "description": "",
            "direction": "ingress",
            "ethertype": "IPv4",
            "id": "48bc88a9-9863-4048-8f83-5466bcabf0f0",
            "port_range_max": 0,
            "port_range_min": 0,
            "protocol": "icmp",
            "region": "RegionOne",
            "remote_group_id": "4d538474-0ebf-40e9-9550-3737b579942c",
            "remote_ip_prefix": "",
            "security_group_id": "609b49f6-4951-460a-ad2b-4a39dec612da",
            "tenant_id": "322b93fd973341fead3f2f116e9e0058",
            "timeouts": null
          },
          "sensitive_attributes": [],
          "private": "eyJlMmJmYjczMC1lY2FhLTExZTYtOGY4OC0zNDM2M2JjN2M0YzAiOnsiZGVsZXRlIjo2MDAwMDAwMDAwMDB9fQ==",
          "dependencies": [
            "module.rke2.openstack_networking_secgroup_v2.agent",
            "module.rke2.openstack_networking_secgroup_v2.server"
          ]
        },
        {
          "index_key": "cloudserv7-k8s-agent-\u003ecloudserv7-k8s-server-tcp-10250",
          "schema_version": 0,
          "attributes": {
            "description": "",
            "direction": "ingress",
            "ethertype": "IPv4",
            "id": "2a3a18f0-af1e-4876-a63b-2d5543ba950a",
            "port_range_max": 10250,
            "port_range_min": 10250,
            "protocol": "tcp",
            "region": "RegionOne",
            "remote_group_id": "4d538474-0ebf-40e9-9550-3737b579942c",
            "remote_ip_prefix": "",
            "security_group_id": "609b49f6-4951-460a-ad2b-4a39dec612da",
            "tenant_id": "322b93fd973341fead3f2f116e9e0058",
            "timeouts": null
          },
          "sensitive_attributes": [],
          "private": "eyJlMmJmYjczMC1lY2FhLTExZTYtOGY4OC0zNDM2M2JjN2M0YzAiOnsiZGVsZXRlIjo2MDAwMDAwMDAwMDB9fQ==",
          "dependencies": [
            "module.rke2.openstack_networking_secgroup_v2.agent",
            "module.rke2.openstack_networking_secgroup_v2.server"
          ]
        },
        {
          "index_key": "cloudserv7-k8s-agent-\u003ecloudserv7-k8s-server-tcp-4240",
          "schema_version": 0,
          "attributes": {
            "description": "",
            "direction": "ingress",
            "ethertype": "IPv4",
            "id": "6cb3155b-30c2-4b1c-8c6b-ff2e307e53fa",
            "port_range_max": 4240,
            "port_range_min": 4240,
            "protocol": "tcp",
            "region": "RegionOne",
            "remote_group_id": "4d538474-0ebf-40e9-9550-3737b579942c",
            "remote_ip_prefix": "",
            "security_group_id": "609b49f6-4951-460a-ad2b-4a39dec612da",
            "tenant_id": "322b93fd973341fead3f2f116e9e0058",
            "timeouts": null
          },
          "sensitive_attributes": [],
          "private": "eyJlMmJmYjczMC1lY2FhLTExZTYtOGY4OC0zNDM2M2JjN2M0YzAiOnsiZGVsZXRlIjo2MDAwMDAwMDAwMDB9fQ==",
          "dependencies": [
            "module.rke2.openstack_networking_secgroup_v2.agent",
            "module.rke2.openstack_networking_secgroup_v2.server"
          ]
        },
        {
          "index_key": "cloudserv7-k8s-agent-\u003ecloudserv7-k8s-server-tcp-6443",
          "schema_version": 0,
          "attributes": {
            "description": "",
            "direction": "ingress",
            "ethertype": "IPv4",
            "id": "e4e1b53e-46da-4aca-828c-d5d441a80eb2",
            "port_range_max": 6443,
            "port_range_min": 6443,
            "protocol": "tcp",
            "region": "RegionOne",
            "remote_group_id": "4d538474-0ebf-40e9-9550-3737b579942c",
            "remote_ip_prefix": "",
            "security_group_id": "609b49f6-4951-460a-ad2b-4a39dec612da",
            "tenant_id": "322b93fd973341fead3f2f116e9e0058",
            "timeouts": null
          },
          "sensitive_attributes": [],
          "private": "eyJlMmJmYjczMC1lY2FhLTExZTYtOGY4OC0zNDM2M2JjN2M0YzAiOnsiZGVsZXRlIjo2MDAwMDAwMDAwMDB9fQ==",
          "dependencies": [
            "module.rke2.openstack_networking_secgroup_v2.agent",
            "module.rke2.openstack_networking_secgroup_v2.server"
          ]
        },
        {
          "index_key": "cloudserv7-k8s-agent-\u003ecloudserv7-k8s-server-tcp-9345",
          "schema_version": 0,
          "attributes": {
            "description": "",
            "direction": "ingress",
            "ethertype": "IPv4",
            "id": "f109b0ea-1baa-4c64-985b-957b1056ce5a",
            "port_range_max": 9345,
            "port_range_min": 9345,
            "protocol": "tcp",
            "region": "RegionOne",
            "remote_group_id": "4d538474-0ebf-40e9-9550-3737b579942c",
            "remote_ip_prefix": "",
            "security_group_id": "609b49f6-4951-460a-ad2b-4a39dec612da",
            "tenant_id": "322b93fd973341fead3f2f116e9e0058",
            "timeouts": null
          },
          "sensitive_attributes": [],
          "private": "eyJlMmJmYjczMC1lY2FhLTExZTYtOGY4OC0zNDM2M2JjN2M0YzAiOnsiZGVsZXRlIjo2MDAwMDAwMDAwMDB9fQ==",
          "dependencies": [
            "module.rke2.openstack_networking_secgroup_v2.agent",
            "module.rke2.openstack_networking_secgroup_v2.server"
          ]
        },
        {
          "index_key": "cloudserv7-k8s-agent-\u003ecloudserv7-k8s-server-udp-8472",
          "schema_version": 0,
          "attributes": {
            "description": "",
            "direction": "ingress",
            "ethertype": "IPv4",
            "id": "15cbe0a1-e7a7-4661-ae84-409262849bf5",
            "port_range_max": 8472,
            "port_range_min": 8472,
            "protocol": "udp",
            "region": "RegionOne",
            "remote_group_id": "4d538474-0ebf-40e9-9550-3737b579942c",
            "remote_ip_prefix": "",
            "security_group_id": "609b49f6-4951-460a-ad2b-4a39dec612da",
            "tenant_id": "322b93fd973341fead3f2f116e9e0058",
            "timeouts": null
          },
          "sensitive_attributes": [],
          "private": "eyJlMmJmYjczMC1lY2FhLTExZTYtOGY4OC0zNDM2M2JjN2M0YzAiOnsiZGVsZXRlIjo2MDAwMDAwMDAwMDB9fQ==",
          "dependencies": [
            "module.rke2.openstack_networking_secgroup_v2.agent",
            "module.rke2.openstack_networking_secgroup_v2.server"
          ]
        },
        {
          "index_key": "cloudserv7-k8s-server-\u003ecloudserv7-k8s-agent-icmp-0",
          "schema_version": 0,
          "attributes": {
            "description": "",
            "direction": "ingress",
            "ethertype": "IPv4",
            "id": "d4176db9-44f2-459c-9c3c-1ba59326f277",
            "port_range_max": 0,
            "port_range_min": 0,
            "protocol": "icmp",
            "region": "RegionOne",
            "remote_group_id": "609b49f6-4951-460a-ad2b-4a39dec612da",
            "remote_ip_prefix": "",
            "security_group_id": "4d538474-0ebf-40e9-9550-3737b579942c",
            "tenant_id": "322b93fd973341fead3f2f116e9e0058",
            "timeouts": null
          },
          "sensitive_attributes": [],
          "private": "eyJlMmJmYjczMC1lY2FhLTExZTYtOGY4OC0zNDM2M2JjN2M0YzAiOnsiZGVsZXRlIjo2MDAwMDAwMDAwMDB9fQ==",
          "dependencies": [
            "module.rke2.openstack_networking_secgroup_v2.agent",
            "module.rke2.openstack_networking_secgroup_v2.server"
          ]
        },
        {
          "index_key": "cloudserv7-k8s-server-\u003ecloudserv7-k8s-agent-tcp-10250",
          "schema_version": 0,
          "attributes": {
            "description": "",
            "direction": "ingress",
            "ethertype": "IPv4",
            "id": "2c05b2d7-3661-496a-9772-1f6f42c25f25",
            "port_range_max": 10250,
            "port_range_min": 10250,
            "protocol": "tcp",
            "region": "RegionOne",
            "remote_group_id": "609b49f6-4951-460a-ad2b-4a39dec612da",
            "remote_ip_prefix": "",
            "security_group_id": "4d538474-0ebf-40e9-9550-3737b579942c",
            "tenant_id": "322b93fd973341fead3f2f116e9e0058",
            "timeouts": null
          },
          "sensitive_attributes": [],
          "private": "eyJlMmJmYjczMC1lY2FhLTExZTYtOGY4OC0zNDM2M2JjN2M0YzAiOnsiZGVsZXRlIjo2MDAwMDAwMDAwMDB9fQ==",
          "dependencies": [
            "module.rke2.openstack_networking_secgroup_v2.agent",
            "module.rke2.openstack_networking_secgroup_v2.server"
          ]
        },
        {
          "index_key": "cloudserv7-k8s-server-\u003ecloudserv7-k8s-agent-tcp-22",
          "schema_version": 0,
          "attributes": {
            "description": "",
            "direction": "ingress",
            "ethertype": "IPv4",
            "id": "5cd752c1-5ea0-47c9-8164-7a13c7d7fc23",
            "port_range_max": 22,
            "port_range_min": 22,
            "protocol": "tcp",
            "region": "RegionOne",
            "remote_group_id": "609b49f6-4951-460a-ad2b-4a39dec612da",
            "remote_ip_prefix": "",
            "security_group_id": "4d538474-0ebf-40e9-9550-3737b579942c",
            "tenant_id": "322b93fd973341fead3f2f116e9e0058",
            "timeouts": null
          },
          "sensitive_attributes": [],
          "private": "eyJlMmJmYjczMC1lY2FhLTExZTYtOGY4OC0zNDM2M2JjN2M0YzAiOnsiZGVsZXRlIjo2MDAwMDAwMDAwMDB9fQ==",
          "dependencies": [
            "module.rke2.openstack_networking_secgroup_v2.agent",
            "module.rke2.openstack_networking_secgroup_v2.server"
          ]
        },
        {
          "index_key": "cloudserv7-k8s-server-\u003ecloudserv7-k8s-agent-tcp-4240",
          "schema_version": 0,
          "attributes": {
            "description": "",
            "direction": "ingress",
            "ethertype": "IPv4",
            "id": "0511b2a8-e13b-4ad8-b0f3-c6f16cbb197a",
            "port_range_max": 4240,
            "port_range_min": 4240,
            "protocol": "tcp",
            "region": "RegionOne",
            "remote_group_id": "609b49f6-4951-460a-ad2b-4a39dec612da",
            "remote_ip_prefix": "",
            "security_group_id": "4d538474-0ebf-40e9-9550-3737b579942c",
            "tenant_id": "322b93fd973341fead3f2f116e9e0058",
            "timeouts": null
          },
          "sensitive_attributes": [],
          "private": "eyJlMmJmYjczMC1lY2FhLTExZTYtOGY4OC0zNDM2M2JjN2M0YzAiOnsiZGVsZXRlIjo2MDAwMDAwMDAwMDB9fQ==",
          "dependencies": [
            "module.rke2.openstack_networking_secgroup_v2.agent",
            "module.rke2.openstack_networking_secgroup_v2.server"
          ]
        },
        {
          "index_key": "cloudserv7-k8s-server-\u003ecloudserv7-k8s-agent-udp-8472",
          "schema_version": 0,
          "attributes": {
            "description": "",
            "direction": "ingress",
            "ethertype": "IPv4",
            "id": "38ba9ee3-1981-41a2-acd5-9b5a6935026a",
            "port_range_max": 8472,
            "port_range_min": 8472,
            "protocol": "udp",
            "region": "RegionOne",
            "remote_group_id": "609b49f6-4951-460a-ad2b-4a39dec612da",
            "remote_ip_prefix": "",
            "security_group_id": "4d538474-0ebf-40e9-9550-3737b579942c",
            "tenant_id": "322b93fd973341fead3f2f116e9e0058",
            "timeouts": null
          },
          "sensitive_attributes": [],
          "private": "eyJlMmJmYjczMC1lY2FhLTExZTYtOGY4OC0zNDM2M2JjN2M0YzAiOnsiZGVsZXRlIjo2MDAwMDAwMDAwMDB9fQ==",
          "dependencies": [
            "module.rke2.openstack_networking_secgroup_v2.agent",
            "module.rke2.openstack_networking_secgroup_v2.server"
          ]
        },
        {
          "index_key": "cloudserv7-k8s-server-\u003ecloudserv7-k8s-server-icmp-0",
          "schema_version": 0,
          "attributes": {
            "description": "",
            "direction": "ingress",
            "ethertype": "IPv4",
            "id": "f4aef329-f1ca-47fa-94ab-90475c9f8e83",
            "port_range_max": 0,
            "port_range_min": 0,
            "protocol": "icmp",
            "region": "RegionOne",
            "remote_group_id": "609b49f6-4951-460a-ad2b-4a39dec612da",
            "remote_ip_prefix": "",
            "security_group_id": "609b49f6-4951-460a-ad2b-4a39dec612da",
            "tenant_id": "322b93fd973341fead3f2f116e9e0058",
            "timeouts": null
          },
          "sensitive_attributes": [],
          "private": "eyJlMmJmYjczMC1lY2FhLTExZTYtOGY4OC0zNDM2M2JjN2M0YzAiOnsiZGVsZXRlIjo2MDAwMDAwMDAwMDB9fQ==",
          "dependencies": [
            "module.rke2.openstack_networking_secgroup_v2.agent",
            "module.rke2.openstack_networking_secgroup_v2.server"
          ]
        },
        {
          "index_key": "cloudserv7-k8s-server-\u003ecloudserv7-k8s-server-tcp-10250",
          "schema_version": 0,
          "attributes": {
            "description": "",
            "direction": "ingress",
            "ethertype": "IPv4",
            "id": "24b613ef-5069-4d4c-ba71-8918843f502b",
            "port_range_max": 10250,
            "port_range_min": 10250,
            "protocol": "tcp",
            "region": "RegionOne",
            "remote_group_id": "609b49f6-4951-460a-ad2b-4a39dec612da",
            "remote_ip_prefix": "",
            "security_group_id": "609b49f6-4951-460a-ad2b-4a39dec612da",
            "tenant_id": "322b93fd973341fead3f2f116e9e0058",
            "timeouts": null
          },
          "sensitive_attributes": [],
          "private": "eyJlMmJmYjczMC1lY2FhLTExZTYtOGY4OC0zNDM2M2JjN2M0YzAiOnsiZGVsZXRlIjo2MDAwMDAwMDAwMDB9fQ==",
          "dependencies": [
            "module.rke2.openstack_networking_secgroup_v2.agent",
            "module.rke2.openstack_networking_secgroup_v2.server"
          ]
        },
        {
          "index_key": "cloudserv7-k8s-server-\u003ecloudserv7-k8s-server-tcp-22",
          "schema_version": 0,
          "attributes": {
            "description": "",
            "direction": "ingress",
            "ethertype": "IPv4",
            "id": "bff03e5f-3018-4e03-8ae4-2460f17114c3",
            "port_range_max": 22,
            "port_range_min": 22,
            "protocol": "tcp",
            "region": "RegionOne",
            "remote_group_id": "609b49f6-4951-460a-ad2b-4a39dec612da",
            "remote_ip_prefix": "",
            "security_group_id": "609b49f6-4951-460a-ad2b-4a39dec612da",
            "tenant_id": "322b93fd973341fead3f2f116e9e0058",
            "timeouts": null
          },
          "sensitive_attributes": [],
          "private": "eyJlMmJmYjczMC1lY2FhLTExZTYtOGY4OC0zNDM2M2JjN2M0YzAiOnsiZGVsZXRlIjo2MDAwMDAwMDAwMDB9fQ==",
          "dependencies": [
            "module.rke2.openstack_networking_secgroup_v2.agent",
            "module.rke2.openstack_networking_secgroup_v2.server"
          ]
        },
        {
          "index_key": "cloudserv7-k8s-server-\u003ecloudserv7-k8s-server-tcp-2379",
          "schema_version": 0,
          "attributes": {
            "description": "",
            "direction": "ingress",
            "ethertype": "IPv4",
            "id": "9ee41861-f0e0-4731-a2a1-af6975031c0b",
            "port_range_max": 2379,
            "port_range_min": 2379,
            "protocol": "tcp",
            "region": "RegionOne",
            "remote_group_id": "609b49f6-4951-460a-ad2b-4a39dec612da",
            "remote_ip_prefix": "",
            "security_group_id": "609b49f6-4951-460a-ad2b-4a39dec612da",
            "tenant_id": "322b93fd973341fead3f2f116e9e0058",
            "timeouts": null
          },
          "sensitive_attributes": [],
          "private": "eyJlMmJmYjczMC1lY2FhLTExZTYtOGY4OC0zNDM2M2JjN2M0YzAiOnsiZGVsZXRlIjo2MDAwMDAwMDAwMDB9fQ==",
          "dependencies": [
            "module.rke2.openstack_networking_secgroup_v2.agent",
            "module.rke2.openstack_networking_secgroup_v2.server"
          ]
        },
        {
          "index_key": "cloudserv7-k8s-server-\u003ecloudserv7-k8s-server-tcp-2380",
          "schema_version": 0,
          "attributes": {
            "description": "",
            "direction": "ingress",
            "ethertype": "IPv4",
            "id": "bc784f39-72e0-4416-940e-2385209adb64",
            "port_range_max": 2380,
            "port_range_min": 2380,
            "protocol": "tcp",
            "region": "RegionOne",
            "remote_group_id": "609b49f6-4951-460a-ad2b-4a39dec612da",
            "remote_ip_prefix": "",
            "security_group_id": "609b49f6-4951-460a-ad2b-4a39dec612da",
            "tenant_id": "322b93fd973341fead3f2f116e9e0058",
            "timeouts": null
          },
          "sensitive_attributes": [],
          "private": "eyJlMmJmYjczMC1lY2FhLTExZTYtOGY4OC0zNDM2M2JjN2M0YzAiOnsiZGVsZXRlIjo2MDAwMDAwMDAwMDB9fQ==",
          "dependencies": [
            "module.rke2.openstack_networking_secgroup_v2.agent",
            "module.rke2.openstack_networking_secgroup_v2.server"
          ]
        },
        {
          "index_key": "cloudserv7-k8s-server-\u003ecloudserv7-k8s-server-tcp-4240",
          "schema_version": 0,
          "attributes": {
            "description": "",
            "direction": "ingress",
            "ethertype": "IPv4",
            "id": "f00de4f1-8748-4d61-b515-3aee1ac613f5",
            "port_range_max": 4240,
            "port_range_min": 4240,
            "protocol": "tcp",
            "region": "RegionOne",
            "remote_group_id": "609b49f6-4951-460a-ad2b-4a39dec612da",
            "remote_ip_prefix": "",
            "security_group_id": "609b49f6-4951-460a-ad2b-4a39dec612da",
            "tenant_id": "322b93fd973341fead3f2f116e9e0058",
            "timeouts": null
          },
          "sensitive_attributes": [],
          "private": "eyJlMmJmYjczMC1lY2FhLTExZTYtOGY4OC0zNDM2M2JjN2M0YzAiOnsiZGVsZXRlIjo2MDAwMDAwMDAwMDB9fQ==",
          "dependencies": [
            "module.rke2.openstack_networking_secgroup_v2.agent",
            "module.rke2.openstack_networking_secgroup_v2.server"
          ]
        },
        {
          "index_key": "cloudserv7-k8s-server-\u003ecloudserv7-k8s-server-tcp-6443",
          "schema_version": 0,
          "attributes": {
            "description": "",
            "direction": "ingress",
            "ethertype": "IPv4",
            "id": "325acb0c-cfc6-4362-a15a-8da65ac7e0fa",
            "port_range_max": 6443,
            "port_range_min": 6443,
            "protocol": "tcp",
            "region": "RegionOne",
            "remote_group_id": "609b49f6-4951-460a-ad2b-4a39dec612da",
            "remote_ip_prefix": "",
            "security_group_id": "609b49f6-4951-460a-ad2b-4a39dec612da",
            "tenant_id": "322b93fd973341fead3f2f116e9e0058",
            "timeouts": null
          },
          "sensitive_attributes": [],
          "private": "eyJlMmJmYjczMC1lY2FhLTExZTYtOGY4OC0zNDM2M2JjN2M0YzAiOnsiZGVsZXRlIjo2MDAwMDAwMDAwMDB9fQ==",
          "dependencies": [
            "module.rke2.openstack_networking_secgroup_v2.agent",
            "module.rke2.openstack_networking_secgroup_v2.server"
          ]
        },
        {
          "index_key": "cloudserv7-k8s-server-\u003ecloudserv7-k8s-server-tcp-9345",
          "schema_version": 0,
          "attributes": {
            "description": "",
            "direction": "ingress",
            "ethertype": "IPv4",
            "id": "e8f651f4-bff7-40df-aca5-80a640cae3d7",
            "port_range_max": 9345,
            "port_range_min": 9345,
            "protocol": "tcp",
            "region": "RegionOne",
            "remote_group_id": "609b49f6-4951-460a-ad2b-4a39dec612da",
            "remote_ip_prefix": "",
            "security_group_id": "609b49f6-4951-460a-ad2b-4a39dec612da",
            "tenant_id": "322b93fd973341fead3f2f116e9e0058",
            "timeouts": null
          },
          "sensitive_attributes": [],
          "private": "eyJlMmJmYjczMC1lY2FhLTExZTYtOGY4OC0zNDM2M2JjN2M0YzAiOnsiZGVsZXRlIjo2MDAwMDAwMDAwMDB9fQ==",
          "dependencies": [
            "module.rke2.openstack_networking_secgroup_v2.agent",
            "module.rke2.openstack_networking_secgroup_v2.server"
          ]
        },
        {
          "index_key": "cloudserv7-k8s-server-\u003ecloudserv7-k8s-server-udp-8472",
          "schema_version": 0,
          "attributes": {
            "description": "",
            "direction": "ingress",
            "ethertype": "IPv4",
            "id": "c4b0bccf-ab98-4b38-9d62-841a45359211",
            "port_range_max": 8472,
            "port_range_min": 8472,
            "protocol": "udp",
            "region": "RegionOne",
            "remote_group_id": "609b49f6-4951-460a-ad2b-4a39dec612da",
            "remote_ip_prefix": "",
            "security_group_id": "609b49f6-4951-460a-ad2b-4a39dec612da",
            "tenant_id": "322b93fd973341fead3f2f116e9e0058",
            "timeouts": null
          },
          "sensitive_attributes": [],
          "private": "eyJlMmJmYjczMC1lY2FhLTExZTYtOGY4OC0zNDM2M2JjN2M0YzAiOnsiZGVsZXRlIjo2MDAwMDAwMDAwMDB9fQ==",
          "dependencies": [
            "module.rke2.openstack_networking_secgroup_v2.agent",
            "module.rke2.openstack_networking_secgroup_v2.server"
          ]
        }
      ]
    },
    {
      "module": "module.rke2",
      "mode": "managed",
      "type": "openstack_networking_secgroup_rule_v2",
      "name": "outside_servers",
      "provider": "provider[\"registry.terraform.io/terraform-provider-openstack/openstack\"]",
      "instances": [
        {
          "index_key": "0.0.0.0/0-tcp-22",
          "schema_version": 0,
          "attributes": {
            "description": "",
            "direction": "ingress",
            "ethertype": "IPv4",
            "id": "855b5f2d-ce68-4ee9-88e3-ab733ede8c78",
            "port_range_max": 22,
            "port_range_min": 22,
            "protocol": "tcp",
            "region": "RegionOne",
            "remote_group_id": "",
            "remote_ip_prefix": "0.0.0.0/0",
            "security_group_id": "609b49f6-4951-460a-ad2b-4a39dec612da",
            "tenant_id": "322b93fd973341fead3f2f116e9e0058",
            "timeouts": null
          },
          "sensitive_attributes": [],
          "private": "eyJlMmJmYjczMC1lY2FhLTExZTYtOGY4OC0zNDM2M2JjN2M0YzAiOnsiZGVsZXRlIjo2MDAwMDAwMDAwMDB9fQ==",
          "dependencies": [
            "module.rke2.openstack_networking_secgroup_v2.server"
          ]
        },
        {
          "index_key": "0.0.0.0/0-tcp-6443",
          "schema_version": 0,
          "attributes": {
            "description": "",
            "direction": "ingress",
            "ethertype": "IPv4",
            "id": "73937097-1367-4266-b3a6-2ba2d9c07c4c",
            "port_range_max": 6443,
            "port_range_min": 6443,
            "protocol": "tcp",
            "region": "RegionOne",
            "remote_group_id": "",
            "remote_ip_prefix": "0.0.0.0/0",
            "security_group_id": "609b49f6-4951-460a-ad2b-4a39dec612da",
            "tenant_id": "322b93fd973341fead3f2f116e9e0058",
            "timeouts": null
          },
          "sensitive_attributes": [],
          "private": "eyJlMmJmYjczMC1lY2FhLTExZTYtOGY4OC0zNDM2M2JjN2M0YzAiOnsiZGVsZXRlIjo2MDAwMDAwMDAwMDB9fQ==",
          "dependencies": [
            "module.rke2.openstack_networking_secgroup_v2.server"
          ]
        }
      ]
    },
    {
      "module": "module.rke2",
      "mode": "managed",
      "type": "openstack_networking_secgroup_rule_v2",
      "name": "server_outside4",
      "provider": "provider[\"registry.terraform.io/terraform-provider-openstack/openstack\"]",
      "instances": [
        {
          "schema_version": 0,
          "attributes": {
            "description": "",
            "direction": "egress",
            "ethertype": "IPv4",
            "id": "ccd35d20-744f-44ae-96f2-fa8b3efd1efc",
            "port_range_max": 0,
            "port_range_min": 0,
            "protocol": "",
            "region": "RegionOne",
            "remote_group_id": "",
            "remote_ip_prefix": "",
            "security_group_id": "609b49f6-4951-460a-ad2b-4a39dec612da",
            "tenant_id": "322b93fd973341fead3f2f116e9e0058",
            "timeouts": null
          },
          "sensitive_attributes": [],
          "private": "eyJlMmJmYjczMC1lY2FhLTExZTYtOGY4OC0zNDM2M2JjN2M0YzAiOnsiZGVsZXRlIjo2MDAwMDAwMDAwMDB9fQ==",
          "dependencies": [
            "module.rke2.openstack_networking_secgroup_v2.server"
          ]
        }
      ]
    },
    {
      "module": "module.rke2",
      "mode": "managed",
      "type": "openstack_networking_secgroup_rule_v2",
      "name": "server_outside6",
      "provider": "provider[\"registry.terraform.io/terraform-provider-openstack/openstack\"]",
      "instances": [
        {
          "schema_version": 0,
          "attributes": {
            "description": "",
            "direction": "egress",
            "ethertype": "IPv6",
            "id": "ff85874f-8809-4991-bd57-904fe6aa6c96",
            "port_range_max": 0,
            "port_range_min": 0,
            "protocol": "",
            "region": "RegionOne",
            "remote_group_id": "",
            "remote_ip_prefix": "",
            "security_group_id": "609b49f6-4951-460a-ad2b-4a39dec612da",
            "tenant_id": "322b93fd973341fead3f2f116e9e0058",
            "timeouts": null
          },
          "sensitive_attributes": [],
          "private": "eyJlMmJmYjczMC1lY2FhLTExZTYtOGY4OC0zNDM2M2JjN2M0YzAiOnsiZGVsZXRlIjo2MDAwMDAwMDAwMDB9fQ==",
          "dependencies": [
            "module.rke2.openstack_networking_secgroup_v2.server"
          ]
        }
      ]
    },
    {
      "module": "module.rke2",
      "mode": "managed",
      "type": "openstack_networking_secgroup_v2",
      "name": "agent",
      "provider": "provider[\"registry.terraform.io/terraform-provider-openstack/openstack\"]",
      "instances": [
        {
          "schema_version": 0,
          "attributes": {
            "all_tags": [],
            "delete_default_rules": true,
            "description": "",
            "id": "4d538474-0ebf-40e9-9550-3737b579942c",
            "name": "cloudserv7-k8s-agent",
            "region": "RegionOne",
            "stateful": true,
            "tags": null,
            "tenant_id": "322b93fd973341fead3f2f116e9e0058",
            "timeouts": null
          },
          "sensitive_attributes": [],
          "private": "eyJlMmJmYjczMC1lY2FhLTExZTYtOGY4OC0zNDM2M2JjN2M0YzAiOnsiZGVsZXRlIjo2MDAwMDAwMDAwMDB9fQ=="
        }
      ]
    },
    {
      "module": "module.rke2",
      "mode": "managed",
      "type": "openstack_networking_secgroup_v2",
      "name": "server",
      "provider": "provider[\"registry.terraform.io/terraform-provider-openstack/openstack\"]",
      "instances": [
        {
          "schema_version": 0,
          "attributes": {
            "all_tags": [],
            "delete_default_rules": true,
            "description": "",
            "id": "609b49f6-4951-460a-ad2b-4a39dec612da",
            "name": "cloudserv7-k8s-server",
            "region": "RegionOne",
            "stateful": true,
            "tags": null,
            "tenant_id": "322b93fd973341fead3f2f116e9e0058",
            "timeouts": null
          },
          "sensitive_attributes": [],
          "private": "eyJlMmJmYjczMC1lY2FhLTExZTYtOGY4OC0zNDM2M2JjN2M0YzAiOnsiZGVsZXRlIjo2MDAwMDAwMDAwMDB9fQ=="
        }
      ]
    },
    {
      "module": "module.rke2",
      "mode": "managed",
      "type": "openstack_networking_subnet_v2",
      "name": "agents",
      "provider": "provider[\"registry.terraform.io/terraform-provider-openstack/openstack\"]",
      "instances": [
        {
          "schema_version": 0,
          "attributes": {
            "all_tags": [],
            "allocation_pool": [
              {
                "end": "192.168.43.254",
                "start": "192.168.43.2"
              }
            ],
            "cidr": "192.168.43.0/24",
            "description": "",
            "dns_nameservers": [
              "10.33.16.100"
            ],
            "dns_publish_fixed_ip": false,
            "enable_dhcp": true,
            "gateway_ip": "192.168.43.1",
            "id": "1bcfe80b-8002-4257-8624-48d2001e0234",
            "ip_version": 4,
            "ipv6_address_mode": "",
            "ipv6_ra_mode": "",
            "name": "cloudserv7-k8s-agents-subnet",
            "network_id": "9b5e129e-d74b-401f-8caf-446cfffdf51d",
            "no_gateway": false,
            "prefix_length": null,
            "region": "RegionOne",
            "service_types": [],
            "subnetpool_id": "",
            "tags": null,
            "tenant_id": "322b93fd973341fead3f2f116e9e0058",
            "timeouts": null,
            "value_specs": null
          },
          "sensitive_attributes": [],
          "private": "eyJlMmJmYjczMC1lY2FhLTExZTYtOGY4OC0zNDM2M2JjN2M0YzAiOnsiY3JlYXRlIjo2MDAwMDAwMDAwMDAsImRlbGV0ZSI6NjAwMDAwMDAwMDAwfX0=",
          "dependencies": [
            "module.rke2.openstack_networking_network_v2.net"
          ]
        }
      ]
    },
    {
      "module": "module.rke2",
      "mode": "managed",
      "type": "openstack_networking_subnet_v2",
      "name": "lb",
      "provider": "provider[\"registry.terraform.io/terraform-provider-openstack/openstack\"]",
      "instances": [
        {
          "schema_version": 0,
          "attributes": {
            "all_tags": [],
            "allocation_pool": [
              {
                "end": "192.168.44.254",
                "start": "192.168.44.2"
              }
            ],
            "cidr": "192.168.44.0/24",
            "description": "",
            "dns_nameservers": [
              "10.33.16.100"
            ],
            "dns_publish_fixed_ip": false,
            "enable_dhcp": true,
            "gateway_ip": "192.168.44.1",
            "id": "f81ef006-780f-44c4-8ef7-22e74f6948fb",
            "ip_version": 4,
            "ipv6_address_mode": "",
            "ipv6_ra_mode": "",
            "name": "cloudserv7-k8s-lb-subnet",
            "network_id": "9b5e129e-d74b-401f-8caf-446cfffdf51d",
            "no_gateway": false,
            "prefix_length": null,
            "region": "RegionOne",
            "service_types": [],
            "subnetpool_id": "",
            "tags": [],
            "tenant_id": "322b93fd973341fead3f2f116e9e0058",
            "timeouts": null,
            "value_specs": null
          },
          "sensitive_attributes": [],
          "private": "eyJlMmJmYjczMC1lY2FhLTExZTYtOGY4OC0zNDM2M2JjN2M0YzAiOnsiY3JlYXRlIjo2MDAwMDAwMDAwMDAsImRlbGV0ZSI6NjAwMDAwMDAwMDAwfX0=",
          "dependencies": [
            "module.rke2.openstack_networking_network_v2.net"
          ]
        }
      ]
    },
    {
      "module": "module.rke2",
      "mode": "managed",
      "type": "openstack_networking_subnet_v2",
      "name": "servers",
      "provider": "provider[\"registry.terraform.io/terraform-provider-openstack/openstack\"]",
      "instances": [
        {
          "schema_version": 0,
          "attributes": {
            "all_tags": [],
            "allocation_pool": [
              {
                "end": "192.168.42.254",
                "start": "192.168.42.2"
              }
            ],
            "cidr": "192.168.42.0/24",
            "description": "",
            "dns_nameservers": [
              "10.33.16.100"
            ],
            "dns_publish_fixed_ip": false,
            "enable_dhcp": true,
            "gateway_ip": "192.168.42.1",
            "id": "5d62066f-5f66-49e0-8f2c-abb64a911c97",
            "ip_version": 4,
            "ipv6_address_mode": "",
            "ipv6_ra_mode": "",
            "name": "cloudserv7-k8s-servers-subnet",
            "network_id": "9b5e129e-d74b-401f-8caf-446cfffdf51d",
            "no_gateway": false,
            "prefix_length": null,
            "region": "RegionOne",
            "service_types": [],
            "subnetpool_id": "",
            "tags": null,
            "tenant_id": "322b93fd973341fead3f2f116e9e0058",
            "timeouts": null,
            "value_specs": null
          },
          "sensitive_attributes": [],
          "private": "eyJlMmJmYjczMC1lY2FhLTExZTYtOGY4OC0zNDM2M2JjN2M0YzAiOnsiY3JlYXRlIjo2MDAwMDAwMDAwMDAsImRlbGV0ZSI6NjAwMDAwMDAwMDAwfX0=",
          "dependencies": [
            "module.rke2.openstack_networking_network_v2.net"
          ]
        }
      ]
    },
    {
      "module": "module.rke2",
      "mode": "managed",
      "type": "openstack_objectstorage_container_v1",
      "name": "etcd_snapshots",
      "provider": "provider[\"registry.terraform.io/terraform-provider-openstack/openstack\"]",
      "instances": [
        {
          "index_key": 0,
          "schema_version": 1,
          "attributes": {
            "container_read": null,
            "container_sync_key": null,
            "container_sync_to": null,
            "container_write": null,
            "content_type": null,
            "force_destroy": true,
            "id": "cloudserv7-k8s-etcd-snapshots",
            "metadata": null,
            "name": "cloudserv7-k8s-etcd-snapshots",
            "region": "RegionOne",
            "storage_policy": "default-placement",
            "versioning": false,
            "versioning_legacy": []
          },
          "sensitive_attributes": [],
          "private": "eyJzY2hlbWFfdmVyc2lvbiI6IjEifQ=="
        }
      ]
    },
    {
      "module": "module.rke2",
      "mode": "managed",
      "type": "openstack_objectstorage_container_v1",
      "name": "restic",
      "provider": "provider[\"registry.terraform.io/terraform-provider-openstack/openstack\"]",
      "instances": [
        {
          "schema_version": 1,
          "attributes": {
            "container_read": null,
            "container_sync_key": null,
            "container_sync_to": null,
            "container_write": null,
            "content_type": null,
            "force_destroy": true,
            "id": "cloudserv7-k8s-restic",
            "metadata": null,
            "name": "cloudserv7-k8s-restic",
            "region": "RegionOne",
            "storage_policy": "default-placement",
            "versioning": false,
            "versioning_legacy": []
          },
          "sensitive_attributes": [],
          "private": "eyJzY2hlbWFfdmVyc2lvbiI6IjEifQ=="
        }
      ]
    },
    {
      "module": "module.rke2",
      "mode": "managed",
      "type": "openstack_objectstorage_container_v1",
      "name": "velero",
      "provider": "provider[\"registry.terraform.io/terraform-provider-openstack/openstack\"]",
      "instances": [
        {
          "schema_version": 1,
          "attributes": {
            "container_read": null,
            "container_sync_key": null,
            "container_sync_to": null,
            "container_write": null,
            "content_type": null,
            "force_destroy": true,
            "id": "cloudserv7-k8s-velero",
            "metadata": null,
            "name": "cloudserv7-k8s-velero",
            "region": "RegionOne",
            "storage_policy": "default-placement",
            "versioning": false,
            "versioning_legacy": []
          },
          "sensitive_attributes": [],
          "private": "eyJzY2hlbWFfdmVyc2lvbiI6IjEifQ=="
        }
      ]
    },
    {
      "module": "module.rke2",
      "mode": "managed",
      "type": "random_string",
      "name": "rke2_token",
      "provider": "provider[\"registry.terraform.io/hashicorp/random\"]",
      "instances": [
        {
          "schema_version": 2,
          "attributes": {
            "id": "J(fV\u003c$p$qG3:%#p0+VJJkDs@iiGFS\u003cpeo$lS53h}rq_IHv[oji0B6:eQT(2DBe$W",
            "keepers": null,
            "length": 64,
            "lower": true,
            "min_lower": 0,
            "min_numeric": 0,
            "min_special": 0,
            "min_upper": 0,
            "number": true,
            "numeric": true,
            "override_special": null,
            "result": "J(fV\u003c$p$qG3:%#p0+VJJkDs@iiGFS\u003cpeo$lS53h}rq_IHv[oji0B6:eQT(2DBe$W",
            "special": true,
            "upper": true
          },
          "sensitive_attributes": []
        }
      ]
    },
    {
      "module": "module.rke2.module.agents[\"worker\"]",
      "mode": "data",
      "type": "openstack_images_image_v2",
      "name": "image",
      "provider": "provider[\"registry.terraform.io/terraform-provider-openstack/openstack\"]",
      "instances": [
        {
          "schema_version": 0,
          "attributes": {
            "checksum": "778bcef0e8248b737ca4d63c62bf9f5a",
            "container_format": "bare",
            "created_at": "2025-10-15T20:23:06Z",
            "disk_format": "qcow2",
            "file": "/v2/images/a482ee88-3671-4aa7-99b6-4c2e485d41fd/file",
            "hidden": false,
            "id": "a482ee88-3671-4aa7-99b6-4c2e485d41fd",
            "member_status": null,
            "metadata": {},
            "min_disk_gb": 4,
            "min_ram_mb": 1024,
            "most_recent": true,
            "name": "ubuntu-22.04-jammy-server-cloud-image-amd64",
            "name_regex": null,
            "owner": "df704abae785449da957552ed8100d43",
            "properties": {
              "direct_url": "rbd://8d39c454-a9e3-11f0-a4a8-63c8fb58a02f/glance/a482ee88-3671-4aa7-99b6-4c2e485d41fd/snap",
              "os_hash_algo": "sha512",
              "os_hash_value": "9d87a577d16cf52e15f3d2887a23b51f64146a51c36bff957968a5118134c4c9f5a6f9079b8714a9f1ef816e3d837e22105bd23e92cf9c37ec9cffd9e9acf584",
              "owner_specified.openstack.md5": "",
              "owner_specified.openstack.object": "images/ubuntu-22.04-jammy-server-cloud-image-amd64",
              "owner_specified.openstack.sha256": "",
              "stores": "ceph"
            },
            "protected": false,
            "region": "RegionOne",
            "schema": "/v2/schemas/image",
            "size_bytes": 677302272,
            "size_max": null,
            "size_min": null,
            "sort": "name:asc",
            "tag": null,
            "tags": [],
            "updated_at": "2025-10-15T20:23:19Z",
            "visibility": "public"
          },
          "sensitive_attributes": []
        }
      ]
    },
    {
      "module": "module.rke2.module.agents[\"worker\"]",
      "mode": "managed",
      "type": "null_resource",
      "name": "agent_remove",
      "provider": "provider[\"registry.terraform.io/hashicorp/null\"]",
      "instances": [
        {
          "index_key": 0,
          "schema_version": 0,
          "attributes": {
            "id": "5915137529583277265",
            "triggers": {
              "agent": "24c416bd-98fd-4694-a8d6-0b8062cbcd81",
              "bastion_host": "10.32.7.105",
              "name": "cloudserv7-k8s-worker-1",
              "timeout": "30s",
              "user": "ubuntu"
            }
          },
          "sensitive_attributes": [],
          "dependencies": [
            "module.rke2.module.agents.data.openstack_images_image_v2.image",
            "module.rke2.module.agents.openstack_blockstorage_volume_v3.volume",
            "module.rke2.module.agents.openstack_compute_instance_v2.instance",
            "module.rke2.module.agents.openstack_networking_port_v2.port",
            "module.rke2.openstack_compute_keypair_v2.key",
            "module.rke2.openstack_compute_servergroup_v2.agents",
            "module.rke2.openstack_networking_floatingip_v2.floating_ip",
            "module.rke2.openstack_networking_network_v2.net",
            "module.rke2.openstack_networking_secgroup_v2.agent",
            "module.rke2.openstack_networking_subnet_v2.agents",
            "module.rke2.random_string.rke2_token"
          ]
        }
      ]
    },
    {
      "module": "module.rke2.module.agents[\"worker\"]",
      "mode": "managed",
      "type": "null_resource",
      "name": "wait_for_rke2",
      "provider": "provider[\"registry.terraform.io/hashicorp/null\"]",
      "instances": [
        {
          "index_key": 0,
          "schema_version": 0,
          "attributes": {
            "id": "4795010021847910157",
            "triggers": {
              "agent": "24c416bd-98fd-4694-a8d6-0b8062cbcd81",
              "bastion_host": "10.32.7.105",
              "host": "192.168.43.173",
              "user": "ubuntu"
            }
          },
          "sensitive_attributes": [],
          "dependencies": [
            "module.rke2.module.agents.data.openstack_images_image_v2.image",
            "module.rke2.module.agents.openstack_blockstorage_volume_v3.volume",
            "module.rke2.module.agents.openstack_compute_instance_v2.instance",
            "module.rke2.module.agents.openstack_networking_port_v2.port",
            "module.rke2.openstack_compute_keypair_v2.key",
            "module.rke2.openstack_compute_servergroup_v2.agents",
            "module.rke2.openstack_networking_floatingip_v2.floating_ip",
            "module.rke2.openstack_networking_network_v2.net",
            "module.rke2.openstack_networking_secgroup_v2.agent",
            "module.rke2.openstack_networking_subnet_v2.agents",
            "module.rke2.random_string.rke2_token"
          ]
        }
      ]
    },
    {
      "module": "module.rke2.module.agents[\"worker\"]",
      "mode": "managed",
      "type": "openstack_blockstorage_volume_v3",
      "name": "volume",
      "provider": "provider[\"registry.terraform.io/terraform-provider-openstack/openstack\"]",
      "instances": []
    },
    {
      "module": "module.rke2.module.agents[\"worker\"]",
      "mode": "managed",
      "type": "openstack_compute_instance_v2",
      "name": "instance",
      "provider": "provider[\"registry.terraform.io/terraform-provider-openstack/openstack\"]",
      "instances": [
        {
          "index_key": 0,
          "schema_version": 0,
          "attributes": {
            "access_ip_v4": "192.168.43.173",
            "access_ip_v6": "",
            "admin_pass": null,
            "all_metadata": {
              "rke2_role": "agent",
              "rke2_version": "v1.30.3+rke2r1"
            },
            "all_tags": [],
            "availability_zone": "nova",
            "availability_zone_hints": null,
            "block_device": [
              {
                "boot_index": 0,
                "delete_on_termination": true,
                "destination_type": "volume",
                "device_type": "",
                "disk_bus": "",
                "guest_format": "",
                "multiattach": false,
                "source_type": "image",
                "uuid": "a482ee88-3671-4aa7-99b6-4c2e485d41fd",
                "volume_size": 6,
                "volume_type": ""
              },
              {
                "boot_index": 1,
                "delete_on_termination": true,
                "destination_type": "volume",
                "device_type": "",
                "disk_bus": "",
                "guest_format": "",
                "multiattach": false,
                "source_type": "blank",
                "uuid": "",
                "volume_size": 20,
                "volume_type": ""
              }
            ],
            "config_drive": true,
            "created": "2026-01-22 13:28:20 +0000 UTC",
            "flavor_id": "3",
            "flavor_name": "m1.medium",
            "force_delete": false,
            "id": "24c416bd-98fd-4694-a8d6-0b8062cbcd81",
            "image_id": "Attempt to boot from volume - no image supplied",
            "image_name": null,
            "key_pair": "cloudserv7-k8s-key",
            "metadata": {
              "rke2_role": "agent",
              "rke2_version": "v1.30.3+rke2r1"
            },
            "name": "cloudserv7-k8s-worker-1",
            "network": [
              {
                "access_network": false,
                "fixed_ip_v4": "192.168.43.173",
                "fixed_ip_v6": "",
                "mac": "fa:16:3e:69:35:dd",
                "name": "cloudserv7-k8s-net",
                "port": "ec9e7b74-945a-4f93-bd86-acc6b196faf1",
                "uuid": "9b5e129e-d74b-401f-8caf-446cfffdf51d"
              }
            ],
            "network_mode": null,
            "personality": [],
            "power_state": "active",
            "region": "RegionOne",
            "scheduler_hints": [
              {
                "additional_properties": null,
                "build_near_host_ip": "",
                "different_cell": [],
                "different_host": [],
                "group": "da2bc6ad-2570-46e4-a9ab-a56fa0a889b0",
                "query": [],
                "same_host": [],
                "target_cell": ""
              }
            ],
            "security_groups": [
              "cloudserv7-k8s-agent"
            ],
            "stop_before_destroy": false,
            "tags": null,
            "timeouts": null,
            "updated": "2026-01-22 13:29:03 +0000 UTC",
            "user_data": "b4760c0db953e41b25f7c2c9ede7da48d21fb564",
            "vendor_options": []
          },
          "sensitive_attributes": [],
          "private": "eyJlMmJmYjczMC1lY2FhLTExZTYtOGY4OC0zNDM2M2JjN2M0YzAiOnsiY3JlYXRlIjoxODAwMDAwMDAwMDAwLCJkZWxldGUiOjE4MDAwMDAwMDAwMDAsInVwZGF0ZSI6MTgwMDAwMDAwMDAwMH19",
          "dependencies": [
            "module.rke2.module.agents.data.openstack_images_image_v2.image",
            "module.rke2.module.agents.openstack_blockstorage_volume_v3.volume",
            "module.rke2.module.agents.openstack_networking_port_v2.port",
            "module.rke2.openstack_compute_keypair_v2.key",
            "module.rke2.openstack_compute_servergroup_v2.agents",
            "module.rke2.openstack_networking_network_v2.net",
            "module.rke2.openstack_networking_secgroup_v2.agent",
            "module.rke2.openstack_networking_subnet_v2.agents",
            "module.rke2.random_string.rke2_token"
          ]
        }
      ]
    },
    {
      "module": "module.rke2.module.agents[\"worker\"]",
      "mode": "managed",
      "type": "openstack_networking_port_v2",
      "name": "port",
      "provider": "provider[\"registry.terraform.io/terraform-provider-openstack/openstack\"]",
      "instances": [
        {
          "index_key": 0,
          "schema_version": 0,
          "attributes": {
            "admin_state_up": true,
            "all_fixed_ips": [
              "192.168.43.173"
            ],
            "all_security_group_ids": [
              "4d538474-0ebf-40e9-9550-3737b579942c"
            ],
            "all_tags": [],
            "allowed_address_pairs": [],
            "binding": [
              {
                "host_id": "",
                "profile": "",
                "vif_details": {},
                "vif_type": "",
                "vnic_type": "normal"
              }
            ],
            "description": "",
            "device_id": "",
            "device_owner": "",
            "dns_assignment": [],
            "dns_name": "",
            "extra_dhcp_option": [],
            "fixed_ip": [
              {
                "ip_address": "",
                "subnet_id": "1bcfe80b-8002-4257-8624-48d2001e0234"
              }
            ],
            "id": "ec9e7b74-945a-4f93-bd86-acc6b196faf1",
            "mac_address": "fa:16:3e:69:35:dd",
            "name": "cloudserv7-k8s-worker-1",
            "network_id": "9b5e129e-d74b-401f-8caf-446cfffdf51d",
            "no_fixed_ip": null,
            "no_security_groups": null,
            "port_security_enabled": true,
            "qos_policy_id": "",
            "region": "RegionOne",
            "security_group_ids": [
              "4d538474-0ebf-40e9-9550-3737b579942c"
            ],
            "tags": null,
            "tenant_id": "322b93fd973341fead3f2f116e9e0058",
            "timeouts": null,
            "value_specs": null
          },
          "sensitive_attributes": [],
          "private": "eyJlMmJmYjczMC1lY2FhLTExZTYtOGY4OC0zNDM2M2JjN2M0YzAiOnsiY3JlYXRlIjo2MDAwMDAwMDAwMDAsImRlbGV0ZSI6NjAwMDAwMDAwMDAwfX0=",
          "dependencies": [
            "module.rke2.openstack_networking_network_v2.net",
            "module.rke2.openstack_networking_secgroup_v2.agent",
            "module.rke2.openstack_networking_subnet_v2.agents"
          ]
        }
      ]
    },
    {
      "module": "module.rke2.module.servers[\"controller\"]",
      "mode": "data",
      "type": "openstack_images_image_v2",
      "name": "image",
      "provider": "provider[\"registry.terraform.io/terraform-provider-openstack/openstack\"]",
      "instances": [
        {
          "schema_version": 0,
          "attributes": {
            "checksum": "778bcef0e8248b737ca4d63c62bf9f5a",
            "container_format": "bare",
            "created_at": "2025-10-15T20:23:06Z",
            "disk_format": "qcow2",
            "file": "/v2/images/a482ee88-3671-4aa7-99b6-4c2e485d41fd/file",
            "hidden": false,
            "id": "a482ee88-3671-4aa7-99b6-4c2e485d41fd",
            "member_status": null,
            "metadata": {},
            "min_disk_gb": 4,
            "min_ram_mb": 1024,
            "most_recent": true,
            "name": "ubuntu-22.04-jammy-server-cloud-image-amd64",
            "name_regex": null,
            "owner": "df704abae785449da957552ed8100d43",
            "properties": {
              "direct_url": "rbd://8d39c454-a9e3-11f0-a4a8-63c8fb58a02f/glance/a482ee88-3671-4aa7-99b6-4c2e485d41fd/snap",
              "os_hash_algo": "sha512",
              "os_hash_value": "9d87a577d16cf52e15f3d2887a23b51f64146a51c36bff957968a5118134c4c9f5a6f9079b8714a9f1ef816e3d837e22105bd23e92cf9c37ec9cffd9e9acf584",
              "owner_specified.openstack.md5": "",
              "owner_specified.openstack.object": "images/ubuntu-22.04-jammy-server-cloud-image-amd64",
              "owner_specified.openstack.sha256": "",
              "stores": "ceph"
            },
            "protected": false,
            "region": "RegionOne",
            "schema": "/v2/schemas/image",
            "size_bytes": 677302272,
            "size_max": null,
            "size_min": null,
            "sort": "name:asc",
            "tag": null,
            "tags": [],
            "updated_at": "2025-10-15T20:23:19Z",
            "visibility": "public"
          },
          "sensitive_attributes": []
        }
      ]
    },
    {
      "module": "module.rke2.module.servers[\"controller\"]",
      "mode": "managed",
      "type": "null_resource",
      "name": "wait_for_rke2",
      "provider": "provider[\"registry.terraform.io/hashicorp/null\"]",
      "instances": [
        {
          "index_key": 0,
          "schema_version": 0,
          "attributes": {
            "id": "7213804412320380525",
            "triggers": {
              "agent": "00d6b517-c010-43a6-8f82-30f80917424f",
              "bastion_host": "10.32.7.105",
              "host": "192.168.42.189",
              "user": "ubuntu"
            }
          },
          "sensitive_attributes": [],
          "dependencies": [
            "module.rke2.data.openstack_networking_network_v2.floating_net",
            "module.rke2.module.servers.data.openstack_images_image_v2.image",
            "module.rke2.module.servers.openstack_blockstorage_volume_v3.volume",
            "module.rke2.module.servers.openstack_compute_instance_v2.instance",
            "module.rke2.module.servers.openstack_networking_port_v2.port",
            "module.rke2.openstack_compute_keypair_v2.key",
            "module.rke2.openstack_compute_servergroup_v2.servers",
            "module.rke2.openstack_identity_application_credential_v3.rke2",
            "module.rke2.openstack_identity_ec2_credential_v3.s3",
            "module.rke2.openstack_networking_floatingip_v2.floating_ip",
            "module.rke2.openstack_networking_network_v2.net",
            "module.rke2.openstack_networking_secgroup_v2.server",
            "module.rke2.openstack_networking_subnet_v2.lb",
            "module.rke2.openstack_networking_subnet_v2.servers",
            "module.rke2.openstack_objectstorage_container_v1.etcd_snapshots",
            "module.rke2.openstack_objectstorage_container_v1.restic",
            "module.rke2.openstack_objectstorage_container_v1.velero",
            "module.rke2.random_string.rke2_token"
          ]
        }
      ]
    },
    {
      "module": "module.rke2.module.servers[\"controller\"]",
      "mode": "managed",
      "type": "openstack_blockstorage_volume_v3",
      "name": "volume",
      "provider": "provider[\"registry.terraform.io/terraform-provider-openstack/openstack\"]",
      "instances": [
        {
          "index_key": 0,
          "schema_version": 0,
          "attributes": {
            "attachment": [],
            "availability_zone": "nova",
            "backup_id": "",
            "consistency_group_id": null,
            "description": "",
            "enable_online_resize": true,
            "id": "d8008ba0-f8b6-4151-9b43-b88a26b63606",
            "image_id": null,
            "metadata": {},
            "name": "cloudserv7-k8s-controller-1-rke2",
            "region": "RegionOne",
            "scheduler_hints": [],
            "size": 8,
            "snapshot_id": "",
            "source_replica": null,
            "source_vol_id": "",
            "timeouts": null,
            "volume_type": "__DEFAULT__"
          },
          "sensitive_attributes": [],
          "private": "eyJlMmJmYjczMC1lY2FhLTExZTYtOGY4OC0zNDM2M2JjN2M0YzAiOnsiY3JlYXRlIjo2MDAwMDAwMDAwMDAsImRlbGV0ZSI6NjAwMDAwMDAwMDAwfX0="
        }
      ]
    },
    {
      "module": "module.rke2.module.servers[\"controller\"]",
      "mode": "managed",
      "type": "openstack_compute_instance_v2",
      "name": "instance",
      "provider": "provider[\"registry.terraform.io/terraform-provider-openstack/openstack\"]",
      "instances": [
        {
          "index_key": 0,
          "schema_version": 0,
          "attributes": {
            "access_ip_v4": "192.168.42.189",
            "access_ip_v6": "",
            "admin_pass": null,
            "all_metadata": {
              "rke2_role": "server",
              "rke2_version": "v1.30.3+rke2r1"
            },
            "all_tags": [],
            "availability_zone": "nova",
            "availability_zone_hints": null,
            "block_device": [
              {
                "boot_index": 0,
                "delete_on_termination": true,
                "destination_type": "volume",
                "device_type": "",
                "disk_bus": "",
                "guest_format": "",
                "multiattach": false,
                "source_type": "image",
                "uuid": "a482ee88-3671-4aa7-99b6-4c2e485d41fd",
                "volume_size": 6,
                "volume_type": ""
              },
              {
                "boot_index": 1,
                "delete_on_termination": false,
                "destination_type": "volume",
                "device_type": "",
                "disk_bus": "",
                "guest_format": "",
                "multiattach": false,
                "source_type": "volume",
                "uuid": "d8008ba0-f8b6-4151-9b43-b88a26b63606",
                "volume_size": 0,
                "volume_type": ""
              }
            ],
            "config_drive": true,
            "created": "2026-01-22 13:28:20 +0000 UTC",
            "flavor_id": "3",
            "flavor_name": "m1.medium",
            "force_delete": false,
            "id": "00d6b517-c010-43a6-8f82-30f80917424f",
            "image_id": "Attempt to boot from volume - no image supplied",
            "image_name": null,
            "key_pair": "cloudserv7-k8s-key",
            "metadata": {
              "rke2_role": "server",
              "rke2_version": "v1.30.3+rke2r1"
            },
            "name": "cloudserv7-k8s-controller-1",
            "network": [
              {
                "access_network": false,
                "fixed_ip_v4": "192.168.42.189",
                "fixed_ip_v6": "",
                "mac": "fa:16:3e:5f:4b:10",
                "name": "cloudserv7-k8s-net",
                "port": "761d1ce5-588c-4725-ae78-211bd3e47b67",
                "uuid": "9b5e129e-d74b-401f-8caf-446cfffdf51d"
              }
            ],
            "network_mode": null,
            "personality": [],
            "power_state": "active",
            "region": "RegionOne",
            "scheduler_hints": [
              {
                "additional_properties": null,
                "build_near_host_ip": "",
                "different_cell": [],
                "different_host": [],
                "group": "fe2e449f-06e2-43f8-a357-c86ba248bb0e",
                "query": [],
                "same_host": [],
                "target_cell": ""
              }
            ],
            "security_groups": [
              "cloudserv7-k8s-server"
            ],
            "stop_before_destroy": false,
            "tags": null,
            "timeouts": null,
            "updated": "2026-01-22 13:29:07 +0000 UTC",
            "user_data": "4bcaae2d6a5c9a4614a1aee1a9c2630cdde40b9c",
            "vendor_options": []
          },
          "sensitive_attributes": [
            [
              {
                "type": "get_attr",
                "value": "user_data"
              }
            ]
          ],
          "private": "eyJlMmJmYjczMC1lY2FhLTExZTYtOGY4OC0zNDM2M2JjN2M0YzAiOnsiY3JlYXRlIjoxODAwMDAwMDAwMDAwLCJkZWxldGUiOjE4MDAwMDAwMDAwMDAsInVwZGF0ZSI6MTgwMDAwMDAwMDAwMH19",
          "dependencies": [
            "module.rke2.data.openstack_networking_network_v2.floating_net",
            "module.rke2.module.servers.data.openstack_images_image_v2.image",
            "module.rke2.module.servers.openstack_blockstorage_volume_v3.volume",
            "module.rke2.module.servers.openstack_networking_port_v2.port",
            "module.rke2.openstack_compute_keypair_v2.key",
            "module.rke2.openstack_compute_servergroup_v2.servers",
            "module.rke2.openstack_identity_application_credential_v3.rke2",
            "module.rke2.openstack_identity_ec2_credential_v3.s3",
            "module.rke2.openstack_networking_floatingip_v2.floating_ip",
            "module.rke2.openstack_networking_network_v2.net",
            "module.rke2.openstack_networking_secgroup_v2.server",
            "module.rke2.openstack_networking_subnet_v2.lb",
            "module.rke2.openstack_networking_subnet_v2.servers",
            "module.rke2.openstack_objectstorage_container_v1.etcd_snapshots",
            "module.rke2.openstack_objectstorage_container_v1.restic",
            "module.rke2.openstack_objectstorage_container_v1.velero",
            "module.rke2.random_string.rke2_token"
          ]
        }
      ]
    },
    {
      "module": "module.rke2.module.servers[\"controller\"]",
      "mode": "managed",
      "type": "openstack_networking_port_v2",
      "name": "port",
      "provider": "provider[\"registry.terraform.io/terraform-provider-openstack/openstack\"]",
      "instances": [
        {
          "index_key": 0,
          "schema_version": 0,
          "attributes": {
            "admin_state_up": true,
            "all_fixed_ips": [
              "192.168.42.189"
            ],
            "all_security_group_ids": [
              "609b49f6-4951-460a-ad2b-4a39dec612da"
            ],
            "all_tags": [],
            "allowed_address_pairs": [
              {
                "ip_address": "192.168.42.4",
                "mac_address": ""
              }
            ],
            "binding": [
              {
                "host_id": "",
                "profile": "",
                "vif_details": {},
                "vif_type": "",
                "vnic_type": "normal"
              }
            ],
            "description": "",
            "device_id": "",
            "device_owner": "",
            "dns_assignment": [],
            "dns_name": "",
            "extra_dhcp_option": [],
            "fixed_ip": [
              {
                "ip_address": "",
                "subnet_id": "5d62066f-5f66-49e0-8f2c-abb64a911c97"
              }
            ],
            "id": "761d1ce5-588c-4725-ae78-211bd3e47b67",
            "mac_address": "fa:16:3e:5f:4b:10",
            "name": "cloudserv7-k8s-controller-1",
            "network_id": "9b5e129e-d74b-401f-8caf-446cfffdf51d",
            "no_fixed_ip": null,
            "no_security_groups": null,
            "port_security_enabled": true,
            "qos_policy_id": "",
            "region": "RegionOne",
            "security_group_ids": [
              "609b49f6-4951-460a-ad2b-4a39dec612da"
            ],
            "tags": null,
            "tenant_id": "322b93fd973341fead3f2f116e9e0058",
            "timeouts": null,
            "value_specs": null
          },
          "sensitive_attributes": [],
          "private": "eyJlMmJmYjczMC1lY2FhLTExZTYtOGY4OC0zNDM2M2JjN2M0YzAiOnsiY3JlYXRlIjo2MDAwMDAwMDAwMDAsImRlbGV0ZSI6NjAwMDAwMDAwMDAwfX0=",
          "dependencies": [
            "module.rke2.openstack_networking_network_v2.net",
            "module.rke2.openstack_networking_secgroup_v2.server",
            "module.rke2.openstack_networking_subnet_v2.servers"
          ]
        }
      ]
    }
  ],
  "check_results": null
}
